Microsoft Visual Studio Solution File, Format Version 12.00
# Visual Studio Version 17
VisualStudioVersion = 17.0.31903.59
MinimumVisualStudioVersion = 10.0.40219.1
Project("{2150E333-8FDC-42A3-9474-1A3956D46DE8}") = "src", "src", "{B4A8C2E0-5C5E-4F0F-9E6A-7E2B5D8C5F1A}"
EndProject
Project("{2150E333-8FDC-42A3-9474-1A3956D46DE8}") = "tests", "tests", "{C6B9D1E2-7D6F-4A1B-8F3C-9D4E5A6B7C8D}"
EndProject
Project("{FAE04EC0-301F-11D3-BF4B-00C04F79EFBC}") = "StandardTools.Core", "src\StandardTools.Core\StandardTools.Core.csproj", "{A1B2C3D4-E5F6-7890-ABCD-EF1234567890}"
EndProject
Project("{FAE04EC0-301F-11D3-BF4B-00C04F79EFBC}") = "StandardTools.MarketData", "src\StandardTools.MarketData\StandardTools.MarketData.csproj", "{B2C3D4E5-F6A7-8901-BCDE-F23456789012}"
EndProject
Project("{FAE04EC0-301F-11D3-BF4B-00C04F79EFBC}") = "StandardTools.Api", "src\StandardTools.Api\StandardTools.Api.csproj", "{C3D4E5F6-A7B8-9012-CDEF-345678901234}"
EndProject
Project("{FAE04EC0-301F-11D3-BF4B-00C04F79EFBC}") = "StandardTools.Core.Tests", "tests\StandardTools.Core.Tests\StandardTools.Core.Tests.csproj", "{D4E5F6A7-B8C9-0123-DEF0-456789012345}"
EndProject
Project("{FAE04EC0-301F-11D3-BF4B-00C04F79EFBC}") = "StandardTools.Indicators", "src\StandardTools.Indicators\StandardTools.Indicators.csproj", "{C9C75AEA-8720-47F4-A2D0-5204C010A5B2}"
EndProject
Project("{FAE04EC0-301F-11D3-BF4B-00C04F79EFBC}") = "StandardTools.Indicators.Tests", "tests\StandardTools.Indicators.Tests\StandardTools.Indicators.Tests.csproj", "{674B8CBB-74FC-4BD0-8D77-4F6F135800D1}"
EndProject
Project("{FAE04EC0-301F-11D3-BF4B-00C04F79EFBC}") = "StandardTools.Metrics", "src\StandardTools.Metrics\StandardTools.Metrics.csproj", "{00E7C3BB-03AE-465B-A31B-D88D5558771A}"
EndProject
Project("{FAE04EC0-301F-11D3-BF4B-00C04F79EFBC}") = "StandardTools.Metrics.Tests", "tests\StandardTools.Metrics.Tests\StandardTools.Metrics.Tests.csproj", "{CF7109F3-0F1F-41B7-B9BF-B9890D346229}"
EndProject
Project("{FAE04EC0-301F-11D3-BF4B-00C04F79EFBC}") = "StandardTools.Analysis", "src\StandardTools.Analysis\StandardTools.Analysis.csproj", "{32EDB36C-C910-4F14-9641-4824DDA3FC95}"
EndProject
Project("{FAE04EC0-301F-11D3-BF4B-00C04F79EFBC}") = "StandardTools.Analysis.Tests", "tests\StandardTools.Analysis.Tests\StandardTools.Analysis.Tests.csproj", "{5E6A17F7-2112-49F5-8A69-A155DB0C2646}"
EndProject
Project("{FAE04EC0-301F-11D3-BF4B-00C04F79EFBC}") = "StandardTools.Backtest", "src\StandardTools.Backtest\StandardTools.Backtest.csproj", "{F583BF2E-2287-490E-893A-8EC73448EB2A}"
EndProject
Project("{FAE04EC0-301F-11D3-BF4B-00C04F79EFBC}") = "StandardTools.Backtest.Tests", "tests\StandardTools.Backtest.Tests\StandardTools.Backtest.Tests.csproj", "{2A716AEC-9BBA-4B29-818D-D9F01852136E}"
EndProject
Project("{FAE04EC0-301F-11D3-BF4B-00C04F79EFBC}") = "StandardTools.Portfolio", "src\StandardTools.Portfolio\StandardTools.Portfolio.csproj", "{490CD053-7000-4B8B-92E8-6E981CF694B0}"
EndProject
Project("{FAE04EC0-301F-11D3-BF4B-00C04F79EFBC}") = "StandardTools.Portfolio.Tests", "tests\StandardTools.Portfolio.Tests\StandardTools.Portfolio.Tests.csproj", "{F6BB750F-60F6-4505-AAF2-914556E0796B}"
EndProject
Global
	GlobalSection(SolutionConfigurationPlatforms) = preSolution
		Debug|Any CPU = Debug|Any CPU
		Release|Any CPU = Release|Any CPU
	EndGlobalSection
	GlobalSection(ProjectConfigurationPlatforms) = postSolution
		{A1B2C3D4-E5F6-7890-ABCD-EF1234567890}.Debug|Any CPU.ActiveCfg = Debug|Any CPU
		{A1B2C3D4-E5F6-7890-ABCD-EF1234567890}.Debug|Any CPU.Build.0 = Debug|Any CPU
		{A1B2C3D4-E5F6-7890-ABCD-EF1234567890}.Release|Any CPU.ActiveCfg = Release|Any CPU
		{A1B2C3D4-E5F6-7890-ABCD-EF1234567890}.Release|Any CPU.Build.0 = Release|Any CPU
		{B2C3D4E5-F6A7-8901-BCDE-F23456789012}.Debug|Any CPU.ActiveCfg = Debug|Any CPU
		{B2C3D4E5-F6A7-8901-BCDE-F23456789012}.Debug|Any CPU.Build.0 = Debug|Any CPU
		{B2C3D4E5-F6A7-8901-BCDE-F23456789012}.Release|Any CPU.ActiveCfg = Release|Any CPU
		{B2C3D4E5-F6A7-8901-BCDE-F23456789012}.Release|Any CPU.Build.0 = Release|Any CPU
		{C3D4E5F6-A7B8-9012-CDEF-345678901234}.Debug|Any CPU.ActiveCfg = Debug|Any CPU
		{C3D4E5F6-A7B8-9012-CDEF-345678901234}.Debug|Any CPU.Build.0 = Debug|Any CPU
		{C3D4E5F6-A7B8-9012-CDEF-345678901234}.Release|Any CPU.ActiveCfg = Release|Any CPU
		{C3D4E5F6-A7B8-9012-CDEF-345678901234}.Release|Any CPU.Build.0 = Release|Any CPU
		{D4E5F6A7-B8C9-0123-DEF0-456789012345}.Debug|Any CPU.ActiveCfg = Debug|Any CPU
		{D4E5F6A7-B8C9-0123-DEF0-456789012345}.Debug|Any CPU.Build.0 = Debug|Any CPU
		{D4E5F6A7-B8C9-0123-DEF0-456789012345}.Release|Any CPU.ActiveCfg = Release|Any CPU
		{D4E5F6A7-B8C9-0123-DEF0-456789012345}.Release|Any CPU.Build.0 = Release|Any CPU
		{C9C75AEA-8720-47F4-A2D0-5204C010A5B2}.Debug|Any CPU.ActiveCfg = Debug|Any CPU
		{C9C75AEA-8720-47F4-A2D0-5204C010A5B2}.Debug|Any CPU.Build.0 = Debug|Any CPU
		{C9C75AEA-8720-47F4-A2D0-5204C010A5B2}.Release|Any CPU.ActiveCfg = Release|Any CPU
		{C9C75AEA-8720-47F4-A2D0-5204C010A5B2}.Release|Any CPU.Build.0 = Release|Any CPU
		{674B8CBB-74FC-4BD0-8D77-4F6F135800D1}.Debug|Any CPU.ActiveCfg = Debug|Any CPU
		{674B8CBB-74FC-4BD0-8D77-4F6F135800D1}.Debug|Any CPU.Build.0 = Debug|Any CPU
		{674B8CBB-74FC-4BD0-8D77-4F6F135800D1}.Release|Any CPU.ActiveCfg = Release|Any CPU
		{674B8CBB-74FC-4BD0-8D77-4F6F135800D1}.Release|Any CPU.Build.0 = Release|Any CPU
		{00E7C3BB-03AE-465B-A31B-D88D5558771A}.Debug|Any CPU.ActiveCfg = Debug|Any CPU
		{00E7C3BB-03AE-465B-A31B-D88D5558771A}.Debug|Any CPU.Build.0 = Debug|Any CPU
		{00E7C3BB-03AE-465B-A31B-D88D5558771A}.Release|Any CPU.ActiveCfg = Release|Any CPU
		{00E7C3BB-03AE-465B-A31B-D88D5558771A}.Release|Any CPU.Build.0 = Release|Any CPU
		{CF7109F3-0F1F-41B7-B9BF-B9890D346229}.Debug|Any CPU.ActiveCfg = Debug|Any CPU
		{CF7109F3-0F1F-41B7-B9BF-B9890D346229}.Debug|Any CPU.Build.0 = Debug|Any CPU
		{CF7109F3-0F1F-41B7-B9BF-B9890D346229}.Release|Any CPU.ActiveCfg = Release|Any CPU
		{CF7109F3-0F1F-41B7-B9BF-B9890D346229}.Release|Any CPU.Build.0 = Release|Any CPU
		{32EDB36C-C910-4F14-9641-4824DDA3FC95}.Debug|Any CPU.ActiveCfg = Debug|Any CPU
		{32EDB36C-C910-4F14-9641-4824DDA3FC95}.Debug|Any CPU.Build.0 = Debug|Any CPU
		{32EDB36C-C910-4F14-9641-4824DDA3FC95}.Release|Any CPU.ActiveCfg = Release|Any CPU
		{32EDB36C-C910-4F14-9641-4824DDA3FC95}.Release|Any CPU.Build.0 = Release|Any CPU
		{5E6A17F7-2112-49F5-8A69-A155DB0C2646}.Debug|Any CPU.ActiveCfg = Debug|Any CPU
		{5E6A17F7-2112-49F5-8A69-A155DB0C2646}.Debug|Any CPU.Build.0 = Debug|Any CPU
		{5E6A17F7-2112-49F5-8A69-A155DB0C2646}.Release|Any CPU.ActiveCfg = Release|Any CPU
		{5E6A17F7-2112-49F5-8A69-A155DB0C2646}.Release|Any CPU.Build.0 = Release|Any CPU
		{F583BF2E-2287-490E-893A-8EC73448EB2A}.Debug|Any CPU.ActiveCfg = Debug|Any CPU
		{F583BF2E-2287-490E-893A-8EC73448EB2A}.Debug|Any CPU.Build.0 = Debug|Any CPU
		{F583BF2E-2287-490E-893A-8EC73448EB2A}.Release|Any CPU.ActiveCfg = Release|Any CPU
		{F583BF2E-2287-490E-893A-8EC73448EB2A}.Release|Any CPU.Build.0 = Release|Any CPU
		{2A716AEC-9BBA-4B29-818D-D9F01852136E}.Debug|Any CPU.ActiveCfg = Debug|Any CPU
		{2A716AEC-9BBA-4B29-818D-D9F01852136E}.Debug|Any CPU.Build.0 = Debug|Any CPU
		{2A716AEC-9BBA-4B29-818D-D9F01852136E}.Release|Any CPU.ActiveCfg = Release|Any CPU
		{2A716AEC-9BBA-4B29-818D-D9F01852136E}.Release|Any CPU.Build.0 = Release|Any CPU
		{490CD053-7000-4B8B-92E8-6E981CF694B0}.Debug|Any CPU.ActiveCfg = Debug|Any CPU
		{490CD053-7000-4B8B-92E8-6E981CF694B0}.Debug|Any CPU.Build.0 = Debug|Any CPU
		{490CD053-7000-4B8B-92E8-6E981CF694B0}.Release|Any CPU.ActiveCfg = Release|Any CPU
		{490CD053-7000-4B8B-92E8-6E981CF694B0}.Release|Any CPU.Build.0 = Release|Any CPU
		{F6BB750F-60F6-4505-AAF2-914556E0796B}.Debug|Any CPU.ActiveCfg = Debug|Any CPU
		{F6BB750F-60F6-4505-AAF2-914556E0796B}.Debug|Any CPU.Build.0 = Debug|Any CPU
		{F6BB750F-60F6-4505-AAF2-914556E0796B}.Release|Any CPU.ActiveCfg = Release|Any CPU
		{F6BB750F-60F6-4505-AAF2-914556E0796B}.Release|Any CPU.Build.0 = Release|Any CPU
	EndGlobalSection
	GlobalSection(NestedProjects) = preSolution
		{A1B2C3D4-E5F6-7890-ABCD-EF1234567890} = {B4A8C2E0-5C5E-4F0F-9E6A-7E2B5D8C5F1A}
		{B2C3D4E5-F6A7-8901-BCDE-F23456789012} = {B4A8C2E0-5C5E-4F0F-9E6A-7E2B5D8C5F1A}
		{C3D4E5F6-A7B8-9012-CDEF-345678901234} = {B4A8C2E0-5C5E-4F0F-9E6A-7E2B5D8C5F1A}
		{D4E5F6A7-B8C9-0123-DEF0-456789012345} = {C6B9D1E2-7D6F-4A1B-8F3C-9D4E5A6B7C8D}
		{C9C75AEA-8720-47F4-A2D0-5204C010A5B2} = {B4A8C2E0-5C5E-4F0F-9E6A-7E2B5D8C5F1A}
		{674B8CBB-74FC-4BD0-8D77-4F6F135800D1} = {C6B9D1E2-7D6F-4A1B-8F3C-9D4E5A6B7C8D}
		{00E7C3BB-03AE-465B-A31B-D88D5558771A} = {B4A8C2E0-5C5E-4F0F-9E6A-7E2B5D8C5F1A}
		{CF7109F3-0F1F-41B7-B9BF-B9890D346229} = {C6B9D1E2-7D6F-4A1B-8F3C-9D4E5A6B7C8D}
		{32EDB36C-C910-4F14-9641-4824DDA3FC95} = {B4A8C2E0-5C5E-4F0F-9E6A-7E2B5D8C5F1A}
		{5E6A17F7-2112-49F5-8A69-A155DB0C2646} = {C6B9D1E2-7D6F-4A1B-8F3C-9D4E5A6B7C8D}
		{F583BF2E-2287-490E-893A-8EC73448EB2A} = {B4A8C2E0-5C5E-4F0F-9E6A-7E2B5D8C5F1A}
		{2A716AEC-9BBA-4B29-818D-D9F01852136E} = {C6B9D1E2-7D6F-4A1B-8F3C-9D4E5A6B7C8D}
		{490CD053-7000-4B8B-92E8-6E981CF694B0} = {B4A8C2E0-5C5E-4F0F-9E6A-7E2B5D8C5F1A}
		{F6BB750F-60F6-4505-AAF2-914556E0796B} = {C6B9D1E2-7D6F-4A1B-8F3C-9D4E5A6B7C8D}
	EndGlobalSection
EndGlobal
